// !$*UTF8*$!
{
	archiveVersion = 1;
	classes = {
	};
	objectVersion = 55;
	objects = {

/* Begin PBXBuildFile section */
		9C057882282A5B0800C1F652 /* AllCatBreedsView.swift in Sources */ = {isa = PBXBuildFile; fileRef = 9C057881282A5B0800C1F652 /* AllCatBreedsView.swift */; };
		9C057884282A5F7D00C1F652 /* CatBreedDetail.swift in Sources */ = {isa = PBXBuildFile; fileRef = 9C057883282A5F7D00C1F652 /* CatBreedDetail.swift */; };
		9C057886282A971000C1F652 /* SFSafariViewWrapper.swift in Sources */ = {isa = PBXBuildFile; fileRef = 9C057885282A971000C1F652 /* SFSafariViewWrapper.swift */; };
		9C201797282ADAC6007179D4 /* BarChartsVView.swift in Sources */ = {isa = PBXBuildFile; fileRef = 9C201796282ADAC6007179D4 /* BarChartsVView.swift */; };
		9C20179B282ADF1E007179D4 /* AxisParameters.swift in Sources */ = {isa = PBXBuildFile; fileRef = 9C20179A282ADF1E007179D4 /* AxisParameters.swift */; };
		9C20179F282AE24B007179D4 /* ChartHeaderView.swift in Sources */ = {isa = PBXBuildFile; fileRef = 9C20179E282AE24B007179D4 /* ChartHeaderView.swift */; };
		9C2017AB282AE378007179D4 /* BarChartHView.swift in Sources */ = {isa = PBXBuildFile; fileRef = 9C2017AA282AE378007179D4 /* BarChartHView.swift */; };
		9C2017AD282AE3BD007179D4 /* ChartAreaHView.swift in Sources */ = {isa = PBXBuildFile; fileRef = 9C2017AC282AE3BD007179D4 /* ChartAreaHView.swift */; };
		9C2017AF282AE3E4007179D4 /* BarHView.swift in Sources */ = {isa = PBXBuildFile; fileRef = 9C2017AE282AE3E4007179D4 /* BarHView.swift */; };
		9C2017B3282AE42D007179D4 /* YaxisHView.swift in Sources */ = {isa = PBXBuildFile; fileRef = 9C2017B2282AE42D007179D4 /* YaxisHView.swift */; };
		9C67A8F42822BCA60090FADA /* CatBreedsApp.swift in Sources */ = {isa = PBXBuildFile; fileRef = 9C67A8F32822BCA60090FADA /* CatBreedsApp.swift */; };
		9C67A8F62822BCA60090FADA /* ContentView.swift in Sources */ = {isa = PBXBuildFile; fileRef = 9C67A8F52822BCA60090FADA /* ContentView.swift */; };
		9C67A8F82822BCA60090FADA /* Assets.xcassets in Resources */ = {isa = PBXBuildFile; fileRef = 9C67A8F72822BCA60090FADA /* Assets.xcassets */; };
		9C67A8FB2822BCA60090FADA /* Preview Assets.xcassets in Resources */ = {isa = PBXBuildFile; fileRef = 9C67A8FA2822BCA60090FADA /* Preview Assets.xcassets */; };
		9C67A90B2822C97D0090FADA /* String+CapFirstLetter.swift in Sources */ = {isa = PBXBuildFile; fileRef = 9C67A90A2822C97D0090FADA /* String+CapFirstLetter.swift */; };
		9C67A90D2822C9CB0090FADA /* ClassifierViewModel.swift in Sources */ = {isa = PBXBuildFile; fileRef = 9C67A90C2822C9CB0090FADA /* ClassifierViewModel.swift */; };
		9C67A90F2822CA250090FADA /* MobileNetV2.mlmodel in Sources */ = {isa = PBXBuildFile; fileRef = 9C67A90E2822CA250090FADA /* MobileNetV2.mlmodel */; };
		9C67A9112822CA760090FADA /* ImagePickerView.swift in Sources */ = {isa = PBXBuildFile; fileRef = 9C67A9102822CA760090FADA /* ImagePickerView.swift */; };
		9C67A916282817F50090FADA /* Api.swift in Sources */ = {isa = PBXBuildFile; fileRef = 9C67A915282817F50090FADA /* Api.swift */; };
		9C67A918282820D90090FADA /* CatBreedsResponse.swift in Sources */ = {isa = PBXBuildFile; fileRef = 9C67A917282820D90090FADA /* CatBreedsResponse.swift */; };
		9C67A91B282823120090FADA /* Configurator.swift in Sources */ = {isa = PBXBuildFile; fileRef = 9C67A91A282823120090FADA /* Configurator.swift */; };
		9C67A922282826E70090FADA /* CatBreedsReceive.swift in Sources */ = {isa = PBXBuildFile; fileRef = 9C67A921282826E70090FADA /* CatBreedsReceive.swift */; };
		9CAC880B2831407100956095 /* NetworkReceive in Frameworks */ = {isa = PBXBuildFile; productRef = 9CAC880A2831407100956095 /* NetworkReceive */; };
		9CAC880D2831407400956095 /* ServiceLocator in Frameworks */ = {isa = PBXBuildFile; productRef = 9CAC880C2831407400956095 /* ServiceLocator */; };
		9CCE02E028353D68002FEB8C /* CatBreedsModel.mlmodel in Sources */ = {isa = PBXBuildFile; fileRef = 9CCE02DF28353D68002FEB8C /* CatBreedsModel.mlmodel */; };
		9CF2436128318491006DA8E3 /* Localizable.strings in Resources */ = {isa = PBXBuildFile; fileRef = 9CF2435F28318490006DA8E3 /* Localizable.strings */; };
/* End PBXBuildFile section */

/* Begin PBXFileReference section */
		9C057881282A5B0800C1F652 /* AllCatBreedsView.swift */ = {isa = PBXFileReference; lastKnownFileType = sourcecode.swift; path = AllCatBreedsView.swift; sourceTree = "<group>"; };
		9C057883282A5F7D00C1F652 /* CatBreedDetail.swift */ = {isa = PBXFileReference; lastKnownFileType = sourcecode.swift; path = CatBreedDetail.swift; sourceTree = "<group>"; };
		9C057885282A971000C1F652 /* SFSafariViewWrapper.swift */ = {isa = PBXFileReference; lastKnownFileType = sourcecode.swift; path = SFSafariViewWrapper.swift; sourceTree = "<group>"; };
		9C0DF60928313F7D007E4DF3 /* NetworkReceive.swift */ = {isa = PBXFileReference; lastKnownFileType = sourcecode.swift; name = NetworkReceive.swift; path = Modules/NetworkReceive/Sources/NetworkReceive/NetworkReceive.swift; sourceTree = "<group>"; };
		9C201796282ADAC6007179D4 /* BarChartsVView.swift */ = {isa = PBXFileReference; lastKnownFileType = sourcecode.swift; path = BarChartsVView.swift; sourceTree = "<group>"; };
		9C20179A282ADF1E007179D4 /* AxisParameters.swift */ = {isa = PBXFileReference; lastKnownFileType = sourcecode.swift; path = AxisParameters.swift; sourceTree = "<group>"; };
		9C20179E282AE24B007179D4 /* ChartHeaderView.swift */ = {isa = PBXFileReference; lastKnownFileType = sourcecode.swift; path = ChartHeaderView.swift; sourceTree = "<group>"; };
		9C2017AA282AE378007179D4 /* BarChartHView.swift */ = {isa = PBXFileReference; lastKnownFileType = sourcecode.swift; path = BarChartHView.swift; sourceTree = "<group>"; };
		9C2017AC282AE3BD007179D4 /* ChartAreaHView.swift */ = {isa = PBXFileReference; lastKnownFileType = sourcecode.swift; path = ChartAreaHView.swift; sourceTree = "<group>"; };
		9C2017AE282AE3E4007179D4 /* BarHView.swift */ = {isa = PBXFileReference; lastKnownFileType = sourcecode.swift; path = BarHView.swift; sourceTree = "<group>"; };
		9C2017B2282AE42D007179D4 /* YaxisHView.swift */ = {isa = PBXFileReference; lastKnownFileType = sourcecode.swift; path = YaxisHView.swift; sourceTree = "<group>"; };
		9C67A8F02822BCA60090FADA /* CatBreeds.app */ = {isa = PBXFileReference; explicitFileType = wrapper.application; includeInIndex = 0; path = CatBreeds.app; sourceTree = BUILT_PRODUCTS_DIR; };
		9C67A8F32822BCA60090FADA /* CatBreedsApp.swift */ = {isa = PBXFileReference; lastKnownFileType = sourcecode.swift; path = CatBreedsApp.swift; sourceTree = "<group>"; };
		9C67A8F52822BCA60090FADA /* ContentView.swift */ = {isa = PBXFileReference; lastKnownFileType = sourcecode.swift; path = ContentView.swift; sourceTree = "<group>"; };
		9C67A8F72822BCA60090FADA /* Assets.xcassets */ = {isa = PBXFileReference; lastKnownFileType = folder.assetcatalog; path = Assets.xcassets; sourceTree = "<group>"; };
		9C67A8FA2822BCA60090FADA /* Preview Assets.xcassets */ = {isa = PBXFileReference; lastKnownFileType = folder.assetcatalog; path = "Preview Assets.xcassets"; sourceTree = "<group>"; };
		9C67A90A2822C97D0090FADA /* String+CapFirstLetter.swift */ = {isa = PBXFileReference; lastKnownFileType = sourcecode.swift; path = "String+CapFirstLetter.swift"; sourceTree = "<group>"; };
		9C67A90C2822C9CB0090FADA /* ClassifierViewModel.swift */ = {isa = PBXFileReference; lastKnownFileType = sourcecode.swift; path = ClassifierViewModel.swift; sourceTree = "<group>"; };
		9C67A90E2822CA250090FADA /* MobileNetV2.mlmodel */ = {isa = PBXFileReference; lastKnownFileType = file.mlmodel; path = MobileNetV2.mlmodel; sourceTree = "<group>"; };
		9C67A9102822CA760090FADA /* ImagePickerView.swift */ = {isa = PBXFileReference; lastKnownFileType = sourcecode.swift; path = ImagePickerView.swift; sourceTree = "<group>"; };
		9C67A915282817F50090FADA /* Api.swift */ = {isa = PBXFileReference; lastKnownFileType = sourcecode.swift; path = Api.swift; sourceTree = "<group>"; };
		9C67A917282820D90090FADA /* CatBreedsResponse.swift */ = {isa = PBXFileReference; lastKnownFileType = sourcecode.swift; path = CatBreedsResponse.swift; sourceTree = "<group>"; };
		9C67A91A282823120090FADA /* Configurator.swift */ = {isa = PBXFileReference; lastKnownFileType = sourcecode.swift; path = Configurator.swift; sourceTree = "<group>"; };
		9C67A921282826E70090FADA /* CatBreedsReceive.swift */ = {isa = PBXFileReference; lastKnownFileType = sourcecode.swift; path = CatBreedsReceive.swift; sourceTree = "<group>"; };
		9CAC88072831401500956095 /* NetworkReceive */ = {isa = PBXFileReference; lastKnownFileType = wrapper; name = NetworkReceive; path = Modules/NetworkReceive; sourceTree = "<group>"; };
		9CAC88092831406900956095 /* ServiceLocator */ = {isa = PBXFileReference; lastKnownFileType = wrapper; name = ServiceLocator; path = Modules/ServiceLocator; sourceTree = "<group>"; };
		9CCE02DF28353D68002FEB8C /* CatBreedsModel.mlmodel */ = {isa = PBXFileReference; lastKnownFileType = file.mlmodel; path = CatBreedsModel.mlmodel; sourceTree = "<group>"; };
		9CF2436028318491006DA8E3 /* ru */ = {isa = PBXFileReference; lastKnownFileType = text.plist.strings; name = ru; path = ru.lproj/Localizable.strings; sourceTree = "<group>"; };
/* End PBXFileReference section */

/* Begin PBXFrameworksBuildPhase section */
		9C67A8ED2822BCA60090FADA /* Frameworks */ = {
			isa = PBXFrameworksBuildPhase;
			buildActionMask = 2147483647;
			files = (
				9CAC880B2831407100956095 /* NetworkReceive in Frameworks */,
				9CAC880D2831407400956095 /* ServiceLocator in Frameworks */,
			);
			runOnlyForDeploymentPostprocessing = 0;
		};
/* End PBXFrameworksBuildPhase section */

/* Begin PBXGroup section */
		9C0DF60A28313F91007E4DF3 /* Packages */ = {
			isa = PBXGroup;
			children = (
				9CAC88072831401500956095 /* NetworkReceive */,
				9CAC88092831406900956095 /* ServiceLocator */,
			);
			name = Packages;
			sourceTree = "<group>";
		};
		9C2017B9282AE4EA007179D4 /* BarCharts */ = {
			isa = PBXGroup;
			children = (
				9C201796282ADAC6007179D4 /* BarChartsVView.swift */,
				9C2017AA282AE378007179D4 /* BarChartHView.swift */,
				9C2017AC282AE3BD007179D4 /* ChartAreaHView.swift */,
				9C2017AE282AE3E4007179D4 /* BarHView.swift */,
				9C2017B2282AE42D007179D4 /* YaxisHView.swift */,
				9C20179E282AE24B007179D4 /* ChartHeaderView.swift */,
			);
			path = BarCharts;
			sourceTree = "<group>";
		};
		9C2017BA282AE500007179D4 /* BarCharts */ = {
			isa = PBXGroup;
			children = (
				9C20179A282ADF1E007179D4 /* AxisParameters.swift */,
			);
			path = BarCharts;
			sourceTree = "<group>";
		};
		9C67A8E72822BCA60090FADA = {
			isa = PBXGroup;
			children = (
				9C0DF60A28313F91007E4DF3 /* Packages */,
				9C67A8F22822BCA60090FADA /* CatBreeds */,
				9C67A8F12822BCA60090FADA /* Products */,
				9C67A91C282823460090FADA /* Frameworks */,
			);
			sourceTree = "<group>";
		};
		9C67A8F12822BCA60090FADA /* Products */ = {
			isa = PBXGroup;
			children = (
				9C67A8F02822BCA60090FADA /* CatBreeds.app */,
			);
			name = Products;
			sourceTree = "<group>";
		};
		9C67A8F22822BCA60090FADA /* CatBreeds */ = {
			isa = PBXGroup;
			children = (
				9CF2435F28318490006DA8E3 /* Localizable.strings */,
				9C67A8F32822BCA60090FADA /* CatBreedsApp.swift */,
				9C67A91A282823120090FADA /* Configurator.swift */,
				9C67A9012822C7540090FADA /* Model */,
				9C67A9072822C7D20090FADA /* View */,
				9C67A9032822C76B0090FADA /* ViewModel */,
				9C67A9122827E0120090FADA /* UIRepresentable */,
				9C67A9092822C9560090FADA /* Extensions */,
				9C67A8F72822BCA60090FADA /* Assets.xcassets */,
				9C67A8F92822BCA60090FADA /* Preview Content */,
			);
			path = CatBreeds;
			sourceTree = "<group>";
		};
		9C67A8F92822BCA60090FADA /* Preview Content */ = {
			isa = PBXGroup;
			children = (
				9C67A8FA2822BCA60090FADA /* Preview Assets.xcassets */,
			);
			path = "Preview Content";
			sourceTree = "<group>";
		};
		9C67A9012822C7540090FADA /* Model */ = {
			isa = PBXGroup;
			children = (
				9C2017BA282AE500007179D4 /* BarCharts */,
				9C67A90E2822CA250090FADA /* MobileNetV2.mlmodel */,
				9CCE02DF28353D68002FEB8C /* CatBreedsModel.mlmodel */,
				9C67A915282817F50090FADA /* Api.swift */,
				9C67A917282820D90090FADA /* CatBreedsResponse.swift */,
				9C67A921282826E70090FADA /* CatBreedsReceive.swift */,
			);
			path = Model;
			sourceTree = "<group>";
		};
		9C67A9032822C76B0090FADA /* ViewModel */ = {
			isa = PBXGroup;
			children = (
				9C67A90C2822C9CB0090FADA /* ClassifierViewModel.swift */,
			);
			name = ViewModel;
			path = View;
			sourceTree = "<group>";
		};
		9C67A9072822C7D20090FADA /* View */ = {
			isa = PBXGroup;
			children = (
				9C2017B9282AE4EA007179D4 /* BarCharts */,
				9C67A8F52822BCA60090FADA /* ContentView.swift */,
				9C057881282A5B0800C1F652 /* AllCatBreedsView.swift */,
				9C057883282A5F7D00C1F652 /* CatBreedDetail.swift */,
			);
			path = View;
			sourceTree = "<group>";
		};
		9C67A9092822C9560090FADA /* Extensions */ = {
			isa = PBXGroup;
			children = (
				9C67A90A2822C97D0090FADA /* String+CapFirstLetter.swift */,
			);
			name = Extensions;
			path = View;
			sourceTree = "<group>";
		};
		9C67A9122827E0120090FADA /* UIRepresentable */ = {
			isa = PBXGroup;
			children = (
				9C67A9102822CA760090FADA /* ImagePickerView.swift */,
				9C057885282A971000C1F652 /* SFSafariViewWrapper.swift */,
			);
			path = UIRepresentable;
			sourceTree = "<group>";
		};
		9C67A91C282823460090FADA /* Frameworks */ = {
			isa = PBXGroup;
			children = (
				9C0DF60928313F7D007E4DF3 /* NetworkReceive.swift */,
			);
			name = Frameworks;
			sourceTree = "<group>";
		};
/* End PBXGroup section */

/* Begin PBXNativeTarget section */
		9C67A8EF2822BCA60090FADA /* CatBreeds */ = {
			isa = PBXNativeTarget;
			buildConfigurationList = 9C67A8FE2822BCA60090FADA /* Build configuration list for PBXNativeTarget "CatBreeds" */;
			buildPhases = (
				9C67A8EC2822BCA60090FADA /* Sources */,
				9C67A8ED2822BCA60090FADA /* Frameworks */,
				9C67A8EE2822BCA60090FADA /* Resources */,
			);
			buildRules = (
			);
			dependencies = (
			);
			name = CatBreeds;
			packageProductDependencies = (
				9CAC880A2831407100956095 /* NetworkReceive */,
				9CAC880C2831407400956095 /* ServiceLocator */,
			);
			productName = CatBreeds;
			productReference = 9C67A8F02822BCA60090FADA /* CatBreeds.app */;
			productType = "com.apple.product-type.application";
		};
/* End PBXNativeTarget section */

/* Begin PBXProject section */
		9C67A8E82822BCA60090FADA /* Project object */ = {
			isa = PBXProject;
			attributes = {
				BuildIndependentTargetsInParallel = 1;
				LastSwiftUpdateCheck = 1330;
				LastUpgradeCheck = 1330;
				TargetAttributes = {
					9C67A8EF2822BCA60090FADA = {
						CreatedOnToolsVersion = 13.3.1;
					};
				};
			};
			buildConfigurationList = 9C67A8EB2822BCA60090FADA /* Build configuration list for PBXProject "CatBreeds" */;
			compatibilityVersion = "Xcode 13.0";
			developmentRegion = en;
			hasScannedForEncodings = 0;
			knownRegions = (
				en,
				Base,
				ru,
			);
			mainGroup = 9C67A8E72822BCA60090FADA;
			productRefGroup = 9C67A8F12822BCA60090FADA /* Products */;
			projectDirPath = "";
			projectRoot = "";
			targets = (
				9C67A8EF2822BCA60090FADA /* CatBreeds */,
			);
		};
/* End PBXProject section */

/* Begin PBXResourcesBuildPhase section */
		9C67A8EE2822BCA60090FADA /* Resources */ = {
			isa = PBXResourcesBuildPhase;
			buildActionMask = 2147483647;
			files = (
				9C67A8FB2822BCA60090FADA /* Preview Assets.xcassets in Resources */,
				9CF2436128318491006DA8E3 /* Localizable.strings in Resources */,
				9C67A8F82822BCA60090FADA /* Assets.xcassets in Resources */,
			);
			runOnlyForDeploymentPostprocessing = 0;
		};
/* End PBXResourcesBuildPhase section */

/* Begin PBXSourcesBuildPhase section */
		9C67A8EC2822BCA60090FADA /* Sources */ = {
			isa = PBXSourcesBuildPhase;
			buildActionMask = 2147483647;
			files = (
				9C67A8F62822BCA60090FADA /* ContentView.swift in Sources */,
				9C67A91B282823120090FADA /* Configurator.swift in Sources */,
				9C057886282A971000C1F652 /* SFSafariViewWrapper.swift in Sources */,
				9C20179F282AE24B007179D4 /* ChartHeaderView.swift in Sources */,
				9C67A90D2822C9CB0090FADA /* ClassifierViewModel.swift in Sources */,
				9C67A90B2822C97D0090FADA /* String+CapFirstLetter.swift in Sources */,
				9C67A90F2822CA250090FADA /* MobileNetV2.mlmodel in Sources */,
				9C67A9112822CA760090FADA /* ImagePickerView.swift in Sources */,
				9C2017AD282AE3BD007179D4 /* ChartAreaHView.swift in Sources */,
				9C67A916282817F50090FADA /* Api.swift in Sources */,
				9C057882282A5B0800C1F652 /* AllCatBreedsView.swift in Sources */,
				9C057884282A5F7D00C1F652 /* CatBreedDetail.swift in Sources */,
				9C201797282ADAC6007179D4 /* BarChartsVView.swift in Sources */,
				9C67A918282820D90090FADA /* CatBreedsResponse.swift in Sources */,
				9C2017B3282AE42D007179D4 /* YaxisHView.swift in Sources */,
				9CCE02E028353D68002FEB8C /* CatBreedsModel.mlmodel in Sources */,
				9C67A8F42822BCA60090FADA /* CatBreedsApp.swift in Sources */,
				9C20179B282ADF1E007179D4 /* AxisParameters.swift in Sources */,
				9C67A922282826E70090FADA /* CatBreedsReceive.swift in Sources */,
				9C2017AB282AE378007179D4 /* BarChartHView.swift in Sources */,
				9C2017AF282AE3E4007179D4 /* BarHView.swift in Sources */,
			);
			runOnlyForDeploymentPostprocessing = 0;
		};
/* End PBXSourcesBuildPhase section */

/* Begin PBXVariantGroup section */
		9CF2435F28318490006DA8E3 /* Localizable.strings */ = {
			isa = PBXVariantGroup;
			children = (
				9CF2436028318491006DA8E3 /* ru */,
			);
			name = Localizable.strings;
			sourceTree = "<group>";
		};
/* End PBXVariantGroup section */

/* Begin XCBuildConfiguration section */
		9C67A8FC2822BCA60090FADA /* Debug */ = {
			isa = XCBuildConfiguration;
			buildSettings = {
				ALWAYS_SEARCH_USER_PATHS = NO;
				CLANG_ANALYZER_NONNULL = YES;
				CLANG_ANALYZER_NUMBER_OBJECT_CONVERSION = YES_AGGRESSIVE;
				CLANG_CXX_LANGUAGE_STANDARD = "gnu++17";
				CLANG_ENABLE_MODULES = YES;
				CLANG_ENABLE_OBJC_ARC = YES;
				CLANG_ENABLE_OBJC_WEAK = YES;
				CLANG_WARN_BLOCK_CAPTURE_AUTORELEASING = YES;
				CLANG_WARN_BOOL_CONVERSION = YES;
				CLANG_WARN_COMMA = YES;
				CLANG_WARN_CONSTANT_CONVERSION = YES;
				CLANG_WARN_DEPRECATED_OBJC_IMPLEMENTATIONS = YES;
				CLANG_WARN_DIRECT_OBJC_ISA_USAGE = YES_ERROR;
				CLANG_WARN_DOCUMENTATION_COMMENTS = YES;
				CLANG_WARN_EMPTY_BODY = YES;
				CLANG_WARN_ENUM_CONVERSION = YES;
				CLANG_WARN_INFINITE_RECURSION = YES;
				CLANG_WARN_INT_CONVERSION = YES;
				CLANG_WARN_NON_LITERAL_NULL_CONVERSION = YES;
				CLANG_WARN_OBJC_IMPLICIT_RETAIN_SELF = YES;
				CLANG_WARN_OBJC_LITERAL_CONVERSION = YES;
				CLANG_WARN_OBJC_ROOT_CLASS = YES_ERROR;
				CLANG_WARN_QUOTED_INCLUDE_IN_FRAMEWORK_HEADER = YES;
				CLANG_WARN_RANGE_LOOP_ANALYSIS = YES;
				CLANG_WARN_STRICT_PROTOTYPES = YES;
				CLANG_WARN_SUSPICIOUS_MOVE = YES;
				CLANG_WARN_UNGUARDED_AVAILABILITY = YES_AGGRESSIVE;
				CLANG_WARN_UNREACHABLE_CODE = YES;
				CLANG_WARN__DUPLICATE_METHOD_MATCH = YES;
				COPY_PHASE_STRIP = NO;
				DEBUG_INFORMATION_FORMAT = dwarf;
				ENABLE_STRICT_OBJC_MSGSEND = YES;
				ENABLE_TESTABILITY = YES;
				GCC_C_LANGUAGE_STANDARD = gnu11;
				GCC_DYNAMIC_NO_PIC = NO;
				GCC_NO_COMMON_BLOCKS = YES;
				GCC_OPTIMIZATION_LEVEL = 0;
				GCC_PREPROCESSOR_DEFINITIONS = (
					"DEBUG=1",
					"$(inherited)",
				);
				GCC_WARN_64_TO_32_BIT_CONVERSION = YES;
				GCC_WARN_ABOUT_RETURN_TYPE = YES_ERROR;
				GCC_WARN_UNDECLARED_SELECTOR = YES;
				GCC_WARN_UNINITIALIZED_AUTOS = YES_AGGRESSIVE;
				GCC_WARN_UNUSED_FUNCTION = YES;
				GCC_WARN_UNUSED_VARIABLE = YES;
				IPHONEOS_DEPLOYMENT_TARGET = 15.4;
				MTL_ENABLE_DEBUG_INFO = INCLUDE_SOURCE;
				MTL_FAST_MATH = YES;
				ONLY_ACTIVE_ARCH = YES;
				SDKROOT = iphoneos;
				SWIFT_ACTIVE_COMPILATION_CONDITIONS = DEBUG;
				SWIFT_OPTIMIZATION_LEVEL = "-Onone";
			};
			name = Debug;
		};
		9C67A8FD2822BCA60090FADA /* Release */ = {
			isa = XCBuildConfiguration;
			buildSettings = {
				ALWAYS_SEARCH_USER_PATHS = NO;
				CLANG_ANALYZER_NONNULL = YES;
				CLANG_ANALYZER_NUMBER_OBJECT_CONVERSION = YES_AGGRESSIVE;
				CLANG_CXX_LANGUAGE_STANDARD = "gnu++17";
				CLANG_ENABLE_MODULES = YES;
				CLANG_ENABLE_OBJC_ARC = YES;
				CLANG_ENABLE_OBJC_WEAK = YES;
				CLANG_WARN_BLOCK_CAPTURE_AUTORELEASING = YES;
				CLANG_WARN_BOOL_CONVERSION = YES;
				CLANG_WARN_COMMA = YES;
				CLANG_WARN_CONSTANT_CONVERSION = YES;
				CLANG_WARN_DEPRECATED_OBJC_IMPLEMENTATIONS = YES;
				CLANG_WARN_DIRECT_OBJC_ISA_USAGE = YES_ERROR;
				CLANG_WARN_DOCUMENTATION_COMMENTS = YES;
				CLANG_WARN_EMPTY_BODY = YES;
				CLANG_WARN_ENUM_CONVERSION = YES;
				CLANG_WARN_INFINITE_RECURSION = YES;
				CLANG_WARN_INT_CONVERSION = YES;
				CLANG_WARN_NON_LITERAL_NULL_CONVERSION = YES;
				CLANG_WARN_OBJC_IMPLICIT_RETAIN_SELF = YES;
				CLANG_WARN_OBJC_LITERAL_CONVERSION = YES;
				CLANG_WARN_OBJC_ROOT_CLASS = YES_ERROR;
				CLANG_WARN_QUOTED_INCLUDE_IN_FRAMEWORK_HEADER = YES;
				CLANG_WARN_RANGE_LOOP_ANALYSIS = YES;
				CLANG_WARN_STRICT_PROTOTYPES = YES;
				CLANG_WARN_SUSPICIOUS_MOVE = YES;
				CLANG_WARN_UNGUARDED_AVAILABILITY = YES_AGGRESSIVE;
				CLANG_WARN_UNREACHABLE_CODE = YES;
				CLANG_WARN__DUPLICATE_METHOD_MATCH = YES;
				COPY_PHASE_STRIP = NO;
				DEBUG_INFORMATION_FORMAT = "dwarf-with-dsym";
				ENABLE_NS_ASSERTIONS = NO;
				ENABLE_STRICT_OBJC_MSGSEND = YES;
				GCC_C_LANGUAGE_STANDARD = gnu11;
				GCC_NO_COMMON_BLOCKS = YES;
				GCC_WARN_64_TO_32_BIT_CONVERSION = YES;
				GCC_WARN_ABOUT_RETURN_TYPE = YES_ERROR;
				GCC_WARN_UNDECLARED_SELECTOR = YES;
				GCC_WARN_UNINITIALIZED_AUTOS = YES_AGGRESSIVE;
				GCC_WARN_UNUSED_FUNCTION = YES;
				GCC_WARN_UNUSED_VARIABLE = YES;
				IPHONEOS_DEPLOYMENT_TARGET = 15.4;
				MTL_ENABLE_DEBUG_INFO = NO;
				MTL_FAST_MATH = YES;
				SDKROOT = iphoneos;
				SWIFT_COMPILATION_MODE = wholemodule;
				SWIFT_OPTIMIZATION_LEVEL = "-O";
				VALIDATE_PRODUCT = YES;
			};
			name = Release;
		};
		9C67A8FF2822BCA60090FADA /* Debug */ = {
			isa = XCBuildConfiguration;
			buildSettings = {
				ASSETCATALOG_COMPILER_APPICON_NAME = AppIcon;
				ASSETCATALOG_COMPILER_GLOBAL_ACCENT_COLOR_NAME = AccentColor;
				CODE_SIGN_STYLE = Automatic;
				CURRENT_PROJECT_VERSION = 1;
				DEVELOPMENT_ASSET_PATHS = "";
				DEVELOPMENT_TEAM = TWQBM5NDZK;
				ENABLE_PREVIEWS = YES;
				GENERATE_INFOPLIST_FILE = YES;
				INFOPLIST_KEY_NSCameraUsageDescription = "";
				INFOPLIST_KEY_UIApplicationSceneManifest_Generation = YES;
				INFOPLIST_KEY_UIApplicationSupportsIndirectInputEvents = YES;
				INFOPLIST_KEY_UILaunchScreen_Generation = YES;
				INFOPLIST_KEY_UISupportedInterfaceOrientations_iPad = "UIInterfaceOrientationPortrait UIInterfaceOrientationPortraitUpsideDown UIInterfaceOrientationLandscapeLeft UIInterfaceOrientationLandscapeRight";
				INFOPLIST_KEY_UISupportedInterfaceOrientations_iPhone = "UIInterfaceOrientationPortrait UIInterfaceOrientationLandscapeLeft UIInterfaceOrientationLandscapeRight";
				IPHONEOS_DEPLOYMENT_TARGET = 15.0;
				LD_RUNPATH_SEARCH_PATHS = (
					"$(inherited)",
					"@executable_path/Frameworks",
				);
				MARKETING_VERSION = 1.0;
				PRODUCT_BUNDLE_IDENTIFIER = qeezii.CatBreeds;
				PRODUCT_NAME = "$(TARGET_NAME)";
				SWIFT_EMIT_LOC_STRINGS = YES;
				SWIFT_VERSION = 5.0;
				TARGETED_DEVICE_FAMILY = 1;
			};
			name = Debug;
		};
		9C67A9002822BCA60090FADA /* Release */ = {
			isa = XCBuildConfiguration;
			buildSettings = {
				ASSETCATALOG_COMPILER_APPICON_NAME = AppIcon;
				ASSETCATALOG_COMPILER_GLOBAL_ACCENT_COLOR_NAME = AccentColor;
				CODE_SIGN_STYLE = Automatic;
				CURRENT_PROJECT_VERSION = 1;
				DEVELOPMENT_ASSET_PATHS = "";
				DEVELOPMENT_TEAM = TWQBM5NDZK;
				ENABLE_PREVIEWS = YES;
				GENERATE_INFOPLIST_FILE = YES;
				INFOPLIST_KEY_NSCameraUsageDescription = "";
				INFOPLIST_KEY_UIApplicationSceneManifest_Generation = YES;
				INFOPLIST_KEY_UIApplicationSupportsIndirectInputEvents = YES;
				INFOPLIST_KEY_UILaunchScreen_Generation = YES;
				INFOPLIST_KEY_UISupportedInterfaceOrientations_iPad = "UIInterfaceOrientationPortrait UIInterfaceOrientationPortraitUpsideDown UIInterfaceOrientationLandscapeLeft UIInterfaceOrientationLandscapeRight";
				INFOPLIST_KEY_UISupportedInterfaceOrientations_iPhone = "UIInterfaceOrientationPortrait UIInterfaceOrientationLandscapeLeft UIInterfaceOrientationLandscapeRight";
				IPHONEOS_DEPLOYMENT_TARGET = 15.0;
				LD_RUNPATH_SEARCH_PATHS = (
					"$(inherited)",
					"@executable_path/Frameworks",
				);
				MARKETING_VERSION = 1.0;
				PRODUCT_BUNDLE_IDENTIFIER = qeezii.CatBreeds;
				PRODUCT_NAME = "$(TARGET_NAME)";
				SWIFT_EMIT_LOC_STRINGS = YES;
				SWIFT_VERSION = 5.0;
				TARGETED_DEVICE_FAMILY = 1;
			};
			name = Release;
		};
/* End XCBuildConfiguration section */

/* Begin XCConfigurationList section */
		9C67A8EB2822BCA60090FADA /* Build configuration list for PBXProject "CatBreeds" */ = {
			isa = XCConfigurationList;
			buildConfigurations = (
				9C67A8FC2822BCA60090FADA /* Debug */,
				9C67A8FD2822BCA60090FADA /* Release */,
			);
			defaultConfigurationIsVisible = 0;
			defaultConfigurationName = Release;
		};
		9C67A8FE2822BCA60090FADA /* Build configuration list for PBXNativeTarget "CatBreeds" */ = {
			isa = XCConfigurationList;
			buildConfigurations = (
				9C67A8FF2822BCA60090FADA /* Debug */,
				9C67A9002822BCA60090FADA /* Release */,
			);
			defaultConfigurationIsVisible = 0;
			defaultConfigurationName = Release;
		};
/* End XCConfigurationList section */

/* Begin XCSwiftPackageProductDependency section */
		9CAC880A2831407100956095 /* NetworkReceive */ = {
			isa = XCSwiftPackageProductDependency;
			productName = NetworkReceive;
		};
		9CAC880C2831407400956095 /* ServiceLocator */ = {
			isa = XCSwiftPackageProductDependency;
			productName = ServiceLocator;
		};
/* End XCSwiftPackageProductDependency section */
	};
	rootObject = 9C67A8E82822BCA60090FADA /* Project object */;
}
